
Microsoft Visual Studio Solution File, Format Version 12.00
# Visual Studio 15
VisualStudioVersion = 15.0.28307.1433
MinimumVisualStudioVersion = 10.0.40219.1
Project("{8BC9CEB8-8B4A-11D0-8D11-00A0C91BC942}") = "AppCrasher", "AppCrasher\AppCrasher.vcxproj", "{2641A6C2-B840-4419-B2F9-5A7940A0DE35}"
EndProject
Project("{8BC9CEB8-8B4A-11D0-8D11-00A0C91BC942}") = "AppCrasherInjector", "AppCrasherInjector\AppCrasherInjector.vcxproj", "{0564FF01-A35D-4B75-AE56-1CCB313FEAFB}"
EndProject
Global
	GlobalSection(SolutionConfigurationPlatforms) = preSolution
		Debug|x64 = Debug|x64
		Debug|x86 = Debug|x86
		Release|x64 = Release|x64
		Release|x86 = Release|x86
	EndGlobalSection
	GlobalSection(ProjectConfigurationPlatforms) = postSolution
		{2641A6C2-B840-4419-B2F9-5A7940A0DE35}.Debug|x64.ActiveCfg = Debug|x64
		{2641A6C2-B840-4419-B2F9-5A7940A0DE35}.Debug|x64.Build.0 = Debug|x64
		{2641A6C2-B840-4419-B2F9-5A7940A0DE35}.Debug|x86.ActiveCfg = Debug|Win32
		{2641A6C2-B840-4419-B2F9-5A7940A0DE35}.Debug|x86.Build.0 = Debug|Win32
		{2641A6C2-B840-4419-B2F9-5A7940A0DE35}.Release|x64.ActiveCfg = Release|x64
		{2641A6C2-B840-4419-B2F9-5A7940A0DE35}.Release|x64.Build.0 = Release|x64
		{2641A6C2-B840-4419-B2F9-5A7940A0DE35}.Release|x86.ActiveCfg = Release|Win32
		{2641A6C2-B840-4419-B2F9-5A7940A0DE35}.Release|x86.Build.0 = Release|Win32
		{0564FF01-A35D-4B75-AE56-1CCB313FEAFB}.Debug|x64.ActiveCfg = Debug|x64
		{0564FF01-A35D-4B75-AE56-1CCB313FEAFB}.Debug|x64.Build.0 = Debug|x64
		{0564FF01-A35D-4B75-AE56-1CCB313FEAFB}.Debug|x86.ActiveCfg = Debug|Win32
		{0564FF01-A35D-4B75-AE56-1CCB313FEAFB}.Debug|x86.Build.0 = Debug|Win32
		{0564FF01-A35D-4B75-AE56-1CCB313FEAFB}.Release|x64.ActiveCfg = Release|x64
		{0564FF01-A35D-4B75-AE56-1CCB313FEAFB}.Release|x64.Build.0 = Release|x64
		{0564FF01-A35D-4B75-AE56-1CCB313FEAFB}.Release|x86.ActiveCfg = Release|Win32
		{0564FF01-A35D-4B75-AE56-1CCB313FEAFB}.Release|x86.Build.0 = Release|Win32
	EndGlobalSection
	GlobalSection(SolutionProperties) = preSolution
		HideSolutionNode = FALSE
	EndGlobalSection
	GlobalSection(ExtensibilityGlobals) = postSolution
		SolutionGuid = {5CD77170-E46E-479C-B4AE-1E169FF01F55}
	EndGlobalSection
EndGlobal
